
Microsoft Visual Studio Solution File, Format Version 12.00
# Visual Studio 14
VisualStudioVersion = 14.0.25420.1
MinimumVisualStudioVersion = 10.0.40219.1
Project("{FAE04EC0-301F-11D3-BF4B-00C04F79EFBC}") = "Supershop", "Supershop\Supershop.csproj", "{1BF30B0D-904B-45EF-BA16-5D447F106DA2}"
EndProject
Project("{FAE04EC0-301F-11D3-BF4B-00C04F79EFBC}") = "Supershop.Tests", "Supershop.Tests\Supershop.Tests.csproj", "{019C1EE9-9004-40BD-A44C-1E45E2109AAB}"
EndProject
Global
	GlobalSection(SolutionConfigurationPlatforms) = preSolution
		Debug|Any CPU = Debug|Any CPU
		Release|Any CPU = Release|Any CPU
	EndGlobalSection
	GlobalSection(ProjectConfigurationPlatforms) = postSolution
		{1BF30B0D-904B-45EF-BA16-5D447F106DA2}.Debug|Any CPU.ActiveCfg = Debug|Any CPU
		{1BF30B0D-904B-45EF-BA16-5D447F106DA2}.Debug|Any CPU.Build.0 = Debug|Any CPU
		{1BF30B0D-904B-45EF-BA16-5D447F106DA2}.Release|Any CPU.ActiveCfg = Release|Any CPU
		{1BF30B0D-904B-45EF-BA16-5D447F106DA2}.Release|Any CPU.Build.0 = Release|Any CPU
		{019C1EE9-9004-40BD-A44C-1E45E2109AAB}.Debug|Any CPU.ActiveCfg = Debug|Any CPU
		{019C1EE9-9004-40BD-A44C-1E45E2109AAB}.Debug|Any CPU.Build.0 = Debug|Any CPU
		{019C1EE9-9004-40BD-A44C-1E45E2109AAB}.Release|Any CPU.ActiveCfg = Release|Any CPU
		{019C1EE9-9004-40BD-A44C-1E45E2109AAB}.Release|Any CPU.Build.0 = Release|Any CPU
	EndGlobalSection
	GlobalSection(SolutionProperties) = preSolution
		HideSolutionNode = FALSE
	EndGlobalSection
EndGlobal
